
Microsoft Visual Studio Solution File, Format Version 12.00
Project("{FAE04EC0-301F-11D3-BF4B-00C04F79EFBC}") = "DataProtectionApiTest", "DataProtectionApiTest\DataProtectionApiTest.csproj", "{11A5A234-F10A-416C-AA0B-F114B5FDA2B9}"
EndProject
Project("{FAE04EC0-301F-11D3-BF4B-00C04F79EFBC}") = "DataEncryptor", "DataEncryptor\DataEncryptor.csproj", "{0C0080D9-42F4-48E9-9CB9-3602CCD67E31}"
EndProject
Project("{FAE04EC0-301F-11D3-BF4B-00C04F79EFBC}") = "DataDecryptor", "DataDecryptor\DataDecryptor.csproj", "{FFAFE70D-B47E-421E-A30C-2796259AD480}"
EndProject
Global
	GlobalSection(SolutionConfigurationPlatforms) = preSolution
		Debug|Any CPU = Debug|Any CPU
		Release|Any CPU = Release|Any CPU
	EndGlobalSection
	GlobalSection(ProjectConfigurationPlatforms) = postSolution
		{11A5A234-F10A-416C-AA0B-F114B5FDA2B9}.Debug|Any CPU.ActiveCfg = Debug|Any CPU
		{11A5A234-F10A-416C-AA0B-F114B5FDA2B9}.Debug|Any CPU.Build.0 = Debug|Any CPU
		{11A5A234-F10A-416C-AA0B-F114B5FDA2B9}.Release|Any CPU.ActiveCfg = Release|Any CPU
		{11A5A234-F10A-416C-AA0B-F114B5FDA2B9}.Release|Any CPU.Build.0 = Release|Any CPU
		{0C0080D9-42F4-48E9-9CB9-3602CCD67E31}.Debug|Any CPU.ActiveCfg = Debug|Any CPU
		{0C0080D9-42F4-48E9-9CB9-3602CCD67E31}.Debug|Any CPU.Build.0 = Debug|Any CPU
		{0C0080D9-42F4-48E9-9CB9-3602CCD67E31}.Release|Any CPU.ActiveCfg = Release|Any CPU
		{0C0080D9-42F4-48E9-9CB9-3602CCD67E31}.Release|Any CPU.Build.0 = Release|Any CPU
		{FFAFE70D-B47E-421E-A30C-2796259AD480}.Debug|Any CPU.ActiveCfg = Debug|Any CPU
		{FFAFE70D-B47E-421E-A30C-2796259AD480}.Debug|Any CPU.Build.0 = Debug|Any CPU
		{FFAFE70D-B47E-421E-A30C-2796259AD480}.Release|Any CPU.ActiveCfg = Release|Any CPU
		{FFAFE70D-B47E-421E-A30C-2796259AD480}.Release|Any CPU.Build.0 = Release|Any CPU
	EndGlobalSection
EndGlobal
